
Microsoft Visual Studio Solution File, Format Version 12.00
# Visual Studio Version 17
VisualStudioVersion = 17.5.33502.453
MinimumVisualStudioVersion = 10.0.40219.1
Project("{FAE04EC0-301F-11D3-BF4B-00C04F79EFBC}") = "Fast Video Downloader", "Fast Video Downloader.csproj", "{8DC577D7-F52E-40A5-8500-0AE38B0CD87A}"
EndProject
Global
	GlobalSection(SolutionConfigurationPlatforms) = preSolution
		Debug|Any CPU = Debug|Any CPU
		Release|Any CPU = Release|Any CPU
	EndGlobalSection
	GlobalSection(ProjectConfigurationPlatforms) = postSolution
		{8DC577D7-F52E-40A5-8500-0AE38B0CD87A}.Debug|Any CPU.ActiveCfg = Debug|Any CPU
		{8DC577D7-F52E-40A5-8500-0AE38B0CD87A}.Debug|Any CPU.Build.0 = Debug|Any CPU
		{8DC577D7-F52E-40A5-8500-0AE38B0CD87A}.Release|Any CPU.ActiveCfg = Release|Any CPU
		{8DC577D7-F52E-40A5-8500-0AE38B0CD87A}.Release|Any CPU.Build.0 = Release|Any CPU
	EndGlobalSection
	GlobalSection(SolutionProperties) = preSolution
		HideSolutionNode = FALSE
	EndGlobalSection
	GlobalSection(ExtensibilityGlobals) = postSolution
		SolutionGuid = {C882307D-810E-47EC-8A88-BD71893FF6C2}
	EndGlobalSection
EndGlobal
